// !$*UTF8*$!
{
	archiveVersion = 1;
	classes = {
	};
	objectVersion = 46;
	objects = {

/* Begin PBXBuildFile section */
		1855EF061CF39D4500A6B172 /* AppDelegate.swift in Sources */ = {isa = PBXBuildFile; fileRef = 1855EF051CF39D4500A6B172 /* AppDelegate.swift */; };
		1855EF081CF39D4500A6B172 /* ViewController.swift in Sources */ = {isa = PBXBuildFile; fileRef = 1855EF071CF39D4500A6B172 /* ViewController.swift */; };
		1855EF0B1CF39D4500A6B172 /* Main.storyboard in Resources */ = {isa = PBXBuildFile; fileRef = 1855EF091CF39D4500A6B172 /* Main.storyboard */; };
		1855EF0D1CF39D4500A6B172 /* Images.xcassets in Resources */ = {isa = PBXBuildFile; fileRef = 1855EF0C1CF39D4500A6B172 /* Images.xcassets */; };
		1855EF101CF39D4500A6B172 /* LaunchScreen.xib in Resources */ = {isa = PBXBuildFile; fileRef = 1855EF0E1CF39D4500A6B172 /* LaunchScreen.xib */; };
		1855EF1C1CF39D4600A6B172 /* RedblueTests.swift in Sources */ = {isa = PBXBuildFile; fileRef = 1855EF1B1CF39D4600A6B172 /* RedblueTests.swift */; };
/* End PBXBuildFile section */

/* Begin PBXContainerItemProxy section */
		1855EF161CF39D4500A6B172 /* PBXContainerItemProxy */ = {
			isa = PBXContainerItemProxy;
			containerPortal = 1855EEF81CF39D4500A6B172 /* Project object */;
			proxyType = 1;
			remoteGlobalIDString = 1855EEFF1CF39D4500A6B172;
			remoteInfo = Redblue;
		};
/* End PBXContainerItemProxy section */

/* Begin PBXFileReference section */
		1855EF001CF39D4500A6B172 /* Redblue.app */ = {isa = PBXFileReference; explicitFileType = wrapper.application; includeInIndex = 0; path = Redblue.app; sourceTree = BUILT_PRODUCTS_DIR; };
		1855EF041CF39D4500A6B172 /* Info.plist */ = {isa = PBXFileReference; lastKnownFileType = text.plist.xml; path = Info.plist; sourceTree = "<group>"; };
		1855EF051CF39D4500A6B172 /* AppDelegate.swift */ = {isa = PBXFileReference; lastKnownFileType = sourcecode.swift; path = AppDelegate.swift; sourceTree = "<group>"; };
		1855EF071CF39D4500A6B172 /* ViewController.swift */ = {isa = PBXFileReference; lastKnownFileType = sourcecode.swift; path = ViewController.swift; sourceTree = "<group>"; };
		1855EF0A1CF39D4500A6B172 /* Base */ = {isa = PBXFileReference; lastKnownFileType = file.storyboard; name = Base; path = Base.lproj/Main.storyboard; sourceTree = "<group>"; };
		1855EF0C1CF39D4500A6B172 /* Images.xcassets */ = {isa = PBXFileReference; lastKnownFileType = folder.assetcatalog; path = Images.xcassets; sourceTree = "<group>"; };
		1855EF0F1CF39D4500A6B172 /* Base */ = {isa = PBXFileReference; lastKnownFileType = file.xib; name = Base; path = Base.lproj/LaunchScreen.xib; sourceTree = "<group>"; };
		1855EF151CF39D4500A6B172 /* RedblueTests.xctest */ = {isa = PBXFileReference; explicitFileType = wrapper.cfbundle; includeInIndex = 0; path = RedblueTests.xctest; sourceTree = BUILT_PRODUCTS_DIR; };
		1855EF1A1CF39D4600A6B172 /* Info.plist */ = {isa = PBXFileReference; lastKnownFileType = text.plist.xml; path = Info.plist; sourceTree = "<group>"; };
		1855EF1B1CF39D4600A6B172 /* RedblueTests.swift */ = {isa = PBXFileReference; lastKnownFileType = sourcecode.swift; path = RedblueTests.swift; sourceTree = "<group>"; };
/* End PBXFileReference section */

/* Begin PBXFrameworksBuildPhase section */
		1855EEFD1CF39D4500A6B172 /* Frameworks */ = {
			isa = PBXFrameworksBuildPhase;
			buildActionMask = 2147483647;
			files = (
			);
			runOnlyForDeploymentPostprocessing = 0;
		};
		1855EF121CF39D4500A6B172 /* Frameworks */ = {
			isa = PBXFrameworksBuildPhase;
			buildActionMask = 2147483647;
			files = (
			);
			runOnlyForDeploymentPostprocessing = 0;
		};
/* End PBXFrameworksBuildPhase section */

/* Begin PBXGroup section */
		1855EEF71CF39D4500A6B172 = {
			isa = PBXGroup;
			children = (
				1855EF021CF39D4500A6B172 /* Redblue */,
				1855EF181CF39D4500A6B172 /* RedblueTests */,
				1855EF011CF39D4500A6B172 /* Products */,
			);
			sourceTree = "<group>";
		};
		1855EF011CF39D4500A6B172 /* Products */ = {
			isa = PBXGroup;
			children = (
				1855EF001CF39D4500A6B172 /* Redblue.app */,
				1855EF151CF39D4500A6B172 /* RedblueTests.xctest */,
			);
			name = Products;
			sourceTree = "<group>";
		};
		1855EF021CF39D4500A6B172 /* Redblue */ = {
			isa = PBXGroup;
			children = (
				1855EF051CF39D4500A6B172 /* AppDelegate.swift */,
				1855EF071CF39D4500A6B172 /* ViewController.swift */,
				1855EF091CF39D4500A6B172 /* Main.storyboard */,
				1855EF0C1CF39D4500A6B172 /* Images.xcassets */,
				1855EF0E1CF39D4500A6B172 /* LaunchScreen.xib */,
				1855EF031CF39D4500A6B172 /* Supporting Files */,
			);
			path = Redblue;
			sourceTree = "<group>";
		};
		1855EF031CF39D4500A6B172 /* Supporting Files */ = {
			isa = PBXGroup;
			children = (
				1855EF041CF39D4500A6B172 /* Info.plist */,
			);
			name = "Supporting Files";
			sourceTree = "<group>";
		};
		1855EF181CF39D4500A6B172 /* RedblueTests */ = {
			isa = PBXGroup;
			children = (
				1855EF1B1CF39D4600A6B172 /* RedblueTests.swift */,
				1855EF191CF39D4600A6B172 /* Supporting Files */,
			);
			path = RedblueTests;
			sourceTree = "<group>";
		};
		1855EF191CF39D4600A6B172 /* Supporting Files */ = {
			isa = PBXGroup;
			children = (
				1855EF1A1CF39D4600A6B172 /* Info.plist */,
			);
			name = "Supporting Files";
			sourceTree = "<group>";
		};
/* End PBXGroup section */

/* Begin PBXNativeTarget section */
		1855EEFF1CF39D4500A6B172 /* Redblue */ = {
			isa = PBXNativeTarget;
			buildConfigurationList = 1855EF1F1CF39D4600A6B172 /* Build configuration list for PBXNativeTarget "Redblue" */;
			buildPhases = (
				1855EEFC1CF39D4500A6B172 /* Sources */,
				1855EEFD1CF39D4500A6B172 /* Frameworks */,
				1855EEFE1CF39D4500A6B172 /* Resources */,
			);
			buildRules = (
			);
			dependencies = (
			);
			name = Redblue;
			productName = Redblue;
			productReference = 1855EF001CF39D4500A6B172 /* Redblue.app */;
			productType = "com.apple.product-type.application";
		};
		1855EF141CF39D4500A6B172 /* RedblueTests */ = {
			isa = PBXNativeTarget;
			buildConfigurationList = 1855EF221CF39D4600A6B172 /* Build configuration list for PBXNativeTarget "RedblueTests" */;
			buildPhases = (
				1855EF111CF39D4500A6B172 /* Sources */,
				1855EF121CF39D4500A6B172 /* Frameworks */,
				1855EF131CF39D4500A6B172 /* Resources */,
			);
			buildRules = (
			);
			dependencies = (
				1855EF171CF39D4500A6B172 /* PBXTargetDependency */,
			);
			name = RedblueTests;
			productName = RedblueTests;
			productReference = 1855EF151CF39D4500A6B172 /* RedblueTests.xctest */;
			productType = "com.apple.product-type.bundle.unit-test";
		};
/* End PBXNativeTarget section */

/* Begin PBXProject section */
		1855EEF81CF39D4500A6B172 /* Project object */ = {
			isa = PBXProject;
			attributes = {
				LastUpgradeCheck = 0640;
				ORGANIZATIONNAME = "Neel Nishant";
				TargetAttributes = {
					1855EEFF1CF39D4500A6B172 = {
						CreatedOnToolsVersion = 6.4;
					};
					1855EF141CF39D4500A6B172 = {
						CreatedOnToolsVersion = 6.4;
						TestTargetID = 1855EEFF1CF39D4500A6B172;
					};
				};
			};
			buildConfigurationList = 1855EEFB1CF39D4500A6B172 /* Build configuration list for PBXProject "Redblue" */;
			compatibilityVersion = "Xcode 3.2";
			developmentRegion = English;
			hasScannedForEncodings = 0;
			knownRegions = (
				en,
				Base,
			);
			mainGroup = 1855EEF71CF39D4500A6B172;
			productRefGroup = 1855EF011CF39D4500A6B172 /* Products */;
			projectDirPath = "";
			projectRoot = "";
			targets = (
				1855EEFF1CF39D4500A6B172 /* Redblue */,
				1855EF141CF39D4500A6B172 /* RedblueTests */,
			);
		};
/* End PBXProject section */

/* Begin PBXResourcesBuildPhase section */
		1855EEFE1CF39D4500A6B172 /* Resources */ = {
			isa = PBXResourcesBuildPhase;
			buildActionMask = 2147483647;
			files = (
				1855EF0B1CF39D4500A6B172 /* Main.storyboard in Resources */,
				1855EF101CF39D4500A6B172 /* LaunchScreen.xib in Resources */,
				1855EF0D1CF39D4500A6B172 /* Images.xcassets in Resources */,
			);
			runOnlyForDeploymentPostprocessing = 0;
		};
		1855EF131CF39D4500A6B172 /* Resources */ = {
			isa = PBXResourcesBuildPhase;
			buildActionMask = 2147483647;
			files = (
			);
			runOnlyForDeploymentPostprocessing = 0;
		};
/* End PBXResourcesBuildPhase section */

/* Begin PBXSourcesBuildPhase section */
		1855EEFC1CF39D4500A6B172 /* Sources */ = {
			isa = PBXSourcesBuildPhase;
			buildActionMask = 2147483647;
			files = (
				1855EF081CF39D4500A6B172 /* ViewController.swift in Sources */,
				1855EF061CF39D4500A6B172 /* AppDelegate.swift in Sources */,
			);
			runOnlyForDeploymentPostprocessing = 0;
		};
		1855EF111CF39D4500A6B172 /* Sources */ = {
			isa = PBXSourcesBuildPhase;
			buildActionMask = 2147483647;
			files = (
				1855EF1C1CF39D4600A6B172 /* RedblueTests.swift in Sources */,
			);
			runOnlyForDeploymentPostprocessing = 0;
		};
/* End PBXSourcesBuildPhase section */

/* Begin PBXTargetDependency section */
		1855EF171CF39D4500A6B172 /* PBXTargetDependency */ = {
			isa = PBXTargetDependency;
			target = 1855EEFF1CF39D4500A6B172 /* Redblue */;
			targetProxy = 1855EF161CF39D4500A6B172 /* PBXContainerItemProxy */;
		};
/* End PBXTargetDependency section */

/* Begin PBXVariantGroup section */
		1855EF091CF39D4500A6B172 /* Main.storyboard */ = {
			isa = PBXVariantGroup;
			children = (
				1855EF0A1CF39D4500A6B172 /* Base */,
			);
			name = Main.storyboard;
			sourceTree = "<group>";
		};
		1855EF0E1CF39D4500A6B172 /* LaunchScreen.xib */ = {
			isa = PBXVariantGroup;
			children = (
				1855EF0F1CF39D4500A6B172 /* Base */,
			);
			name = LaunchScreen.xib;
			sourceTree = "<group>";
		};
/* End PBXVariantGroup section */

/* Begin XCBuildConfiguration section */
		1855EF1D1CF39D4600A6B172 /* Debug */ = {
			isa = XCBuildConfiguration;
			buildSettings = {
				ALWAYS_SEARCH_USER_PATHS = NO;
				CLANG_CXX_LANGUAGE_STANDARD = "gnu++0x";
				CLANG_CXX_LIBRARY = "libc++";
				CLANG_ENABLE_MODULES = YES;
				CLANG_ENABLE_OBJC_ARC = YES;
				CLANG_WARN_BOOL_CONVERSION = YES;
				CLANG_WARN_CONSTANT_CONVERSION = YES;
				CLANG_WARN_DIRECT_OBJC_ISA_USAGE = YES_ERROR;
				CLANG_WARN_EMPTY_BODY = YES;
				CLANG_WARN_ENUM_CONVERSION = YES;
				CLANG_WARN_INT_CONVERSION = YES;
				CLANG_WARN_OBJC_ROOT_CLASS = YES_ERROR;
				CLANG_WARN_UNREACHABLE_CODE = YES;
				CLANG_WARN__DUPLICATE_METHOD_MATCH = YES;
				"CODE_SIGN_IDENTITY[sdk=iphoneos*]" = "iPhone Developer";
				COPY_PHASE_STRIP = NO;
				DEBUG_INFORMATION_FORMAT = "dwarf-with-dsym";
				ENABLE_STRICT_OBJC_MSGSEND = YES;
				GCC_C_LANGUAGE_STANDARD = gnu99;
				GCC_DYNAMIC_NO_PIC = NO;
				GCC_NO_COMMON_BLOCKS = YES;
				GCC_OPTIMIZATION_LEVEL = 0;
				GCC_PREPROCESSOR_DEFINITIONS = (
					"DEBUG=1",
					"$(inherited)",
				);
				GCC_SYMBOLS_PRIVATE_EXTERN = NO;
				GCC_WARN_64_TO_32_BIT_CONVERSION = YES;
				GCC_WARN_ABOUT_RETURN_TYPE = YES_ERROR;
				GCC_WARN_UNDECLARED_SELECTOR = YES;
				GCC_WARN_UNINITIALIZED_AUTOS = YES_AGGRESSIVE;
				GCC_WARN_UNUSED_FUNCTION = YES;
				GCC_WARN_UNUSED_VARIABLE = YES;
				IPHONEOS_DEPLOYMENT_TARGET = 8.4;
				MTL_ENABLE_DEBUG_INFO = YES;
				ONLY_ACTIVE_ARCH = YES;
				SDKROOT = iphoneos;
				SWIFT_OPTIMIZATION_LEVEL = "-Onone";
			};
			name = Debug;
		};
		1855EF1E1CF39D4600A6B172 /* Release */ = {
			isa = XCBuildConfiguration;
			buildSettings = {
				ALWAYS_SEARCH_USER_PATHS = NO;
				CLANG_CXX_LANGUAGE_STANDARD = "gnu++0x";
				CLANG_CXX_LIBRARY = "libc++";
				CLANG_ENABLE_MODULES = YES;
				CLANG_ENABLE_OBJC_ARC = YES;
				CLANG_WARN_BOOL_CONVERSION = YES;
				CLANG_WARN_CONSTANT_CONVERSION = YES;
				CLANG_WARN_DIRECT_OBJC_ISA_USAGE = YES_ERROR;
				CLANG_WARN_EMPTY_BODY = YES;
				CLANG_WARN_ENUM_CONVERSION = YES;
				CLANG_WARN_INT_CONVERSION = YES;
				CLANG_WARN_OBJC_ROOT_CLASS = YES_ERROR;
				CLANG_WARN_UNREACHABLE_CODE = YES;
				CLANG_WARN__DUPLICATE_METHOD_MATCH = YES;
				"CODE_SIGN_IDENTITY[sdk=iphoneos*]" = "iPhone Developer";
				COPY_PHASE_STRIP = NO;
				DEBUG_INFORMATION_FORMAT = "dwarf-with-dsym";
				ENABLE_NS_ASSERTIONS = NO;
				ENABLE_STRICT_OBJC_MSGSEND = YES;
				GCC_C_LANGUAGE_STANDARD = gnu99;
				GCC_NO_COMMON_BLOCKS = YES;
				GCC_WARN_64_TO_32_BIT_CONVERSION = YES;
				GCC_WARN_ABOUT_RETURN_TYPE = YES_ERROR;
				GCC_WARN_UNDECLARED_SELECTOR = YES;
				GCC_WARN_UNINITIALIZED_AUTOS = YES_AGGRESSIVE;
				GCC_WARN_UNUSED_FUNCTION = YES;
				GCC_WARN_UNUSED_VARIABLE = YES;
				IPHONEOS_DEPLOYMENT_TARGET = 8.4;
				MTL_ENABLE_DEBUG_INFO = NO;
				SDKROOT = iphoneos;
				VALIDATE_PRODUCT = YES;
			};
			name = Release;
		};
		1855EF201CF39D4600A6B172 /* Debug */ = {
			isa = XCBuildConfiguration;
			buildSettings = {
				ASSETCATALOG_COMPILER_APPICON_NAME = AppIcon;
				INFOPLIST_FILE = Redblue/Info.plist;
				LD_RUNPATH_SEARCH_PATHS = "$(inherited) @executable_path/Frameworks";
				PRODUCT_NAME = "$(TARGET_NAME)";
			};
			name = Debug;
		};
		1855EF211CF39D4600A6B172 /* Release */ = {
			isa = XCBuildConfiguration;
			buildSettings = {
				ASSETCATALOG_COMPILER_APPICON_NAME = AppIcon;
				INFOPLIST_FILE = Redblue/Info.plist;
				LD_RUNPATH_SEARCH_PATHS = "$(inherited) @executable_path/Frameworks";
				PRODUCT_NAME = "$(TARGET_NAME)";
			};
			name = Release;
		};
		1855EF231CF39D4600A6B172 /* Debug */ = {
			isa = XCBuildConfiguration;
			buildSettings = {
				BUNDLE_LOADER = "$(TEST_HOST)";
				FRAMEWORK_SEARCH_PATHS = (
					"$(SDKROOT)/Developer/Library/Frameworks",
					"$(inherited)",
				);
				GCC_PREPROCESSOR_DEFINITIONS = (
					"DEBUG=1",
					"$(inherited)",
				);
				INFOPLIST_FILE = RedblueTests/Info.plist;
				LD_RUNPATH_SEARCH_PATHS = "$(inherited) @executable_path/Frameworks @loader_path/Frameworks";
				PRODUCT_NAME = "$(TARGET_NAME)";
				TEST_HOST = "$(BUILT_PRODUCTS_DIR)/Redblue.app/Redblue";
			};
			name = Debug;
		};
		1855EF241CF39D4600A6B172 /* Release */ = {
			isa = XCBuildConfiguration;
			buildSettings = {
				BUNDLE_LOADER = "$(TEST_HOST)";
				FRAMEWORK_SEARCH_PATHS = (
					"$(SDKROOT)/Developer/Library/Frameworks",
					"$(inherited)",
				);
				INFOPLIST_FILE = RedblueTests/Info.plist;
				LD_RUNPATH_SEARCH_PATHS = "$(inherited) @executable_path/Frameworks @loader_path/Frameworks";
				PRODUCT_NAME = "$(TARGET_NAME)";
				TEST_HOST = "$(BUILT_PRODUCTS_DIR)/Redblue.app/Redblue";
			};
			name = Release;
		};
/* End XCBuildConfiguration section */

/* Begin XCConfigurationList section */
		1855EEFB1CF39D4500A6B172 /* Build configuration list for PBXProject "Redblue" */ = {
			isa = XCConfigurationList;
			buildConfigurations = (
				1855EF1D1CF39D4600A6B172 /* Debug */,
				1855EF1E1CF39D4600A6B172 /* Release */,
			);
			defaultConfigurationIsVisible = 0;
			defaultConfigurationName = Release;
		};
		1855EF1F1CF39D4600A6B172 /* Build configuration list for PBXNativeTarget "Redblue" */ = {
			isa = XCConfigurationList;
			buildConfigurations = (
				1855EF201CF39D4600A6B172 /* Debug */,
				1855EF211CF39D4600A6B172 /* Release */,
			);
			defaultConfigurationIsVisible = 0;
		};
		1855EF221CF39D4600A6B172 /* Build configuration list for PBXNativeTarget "RedblueTests" */ = {
			isa = XCConfigurationList;
			buildConfigurations = (
				1855EF231CF39D4600A6B172 /* Debug */,
				1855EF241CF39D4600A6B172 /* Release */,
			);
			defaultConfigurationIsVisible = 0;
		};
/* End XCConfigurationList section */
	};
	rootObject = 1855EEF81CF39D4500A6B172 /* Project object */;
}
